// !$*UTF8*$!
{
	archiveVersion = 1;
	classes = {
	};
	objectVersion = 56;
	objects = {

/* Begin PBXBuildFile section */
		38B6A2F2293EF1CF00EF14EA /* password.swift in Sources */ = {isa = PBXBuildFile; fileRef = 38B6A2F1293EF1CF00EF14EA /* password.swift */; };
		38E278EA293CC414001944B7 /* main.swift in Sources */ = {isa = PBXBuildFile; fileRef = 38E278E9293CC414001944B7 /* main.swift */; };
		38E278F4293CC441001944B7 /* SQLite in Frameworks */ = {isa = PBXBuildFile; productRef = 38E278F3293CC441001944B7 /* SQLite */; };
		38E278F8293CC714001944B7 /* CryptoSwift in Frameworks */ = {isa = PBXBuildFile; productRef = 38E278F7293CC714001944B7 /* CryptoSwift */; };
		38E278FA293E110F001944B7 /* Security.framework in Frameworks */ = {isa = PBXBuildFile; fileRef = 38E278F9293E110F001944B7 /* Security.framework */; };
/* End PBXBuildFile section */

/* Begin PBXCopyFilesBuildPhase section */
		38E278E4293CC414001944B7 /* CopyFiles */ = {
			isa = PBXCopyFilesBuildPhase;
			buildActionMask = 2147483647;
			dstPath = /usr/share/man/man1/;
			dstSubfolderSpec = 0;
			files = (
			);
			runOnlyForDeploymentPostprocessing = 1;
		};
/* End PBXCopyFilesBuildPhase section */

/* Begin PBXFileReference section */
		38B6A2F1293EF1CF00EF14EA /* password.swift */ = {isa = PBXFileReference; lastKnownFileType = sourcecode.swift; path = password.swift; sourceTree = "<group>"; };
		38E278E6293CC414001944B7 /* CookiesHacking */ = {isa = PBXFileReference; explicitFileType = "compiled.mach-o.executable"; includeInIndex = 0; path = CookiesHacking; sourceTree = BUILT_PRODUCTS_DIR; };
		38E278E9293CC414001944B7 /* main.swift */ = {isa = PBXFileReference; lastKnownFileType = sourcecode.swift; path = main.swift; sourceTree = "<group>"; };
		38E278F1293CC42D001944B7 /* SQLite */ = {isa = PBXFileReference; lastKnownFileType = wrapper; path = SQLite; sourceTree = "<group>"; };
		38E278F5293CC466001944B7 /* CookiesHacking.entitlements */ = {isa = PBXFileReference; lastKnownFileType = text.plist.entitlements; path = CookiesHacking.entitlements; sourceTree = "<group>"; };
		38E278F9293E110F001944B7 /* Security.framework */ = {isa = PBXFileReference; lastKnownFileType = wrapper.framework; name = Security.framework; path = System/Library/Frameworks/Security.framework; sourceTree = SDKROOT; };
/* End PBXFileReference section */

/* Begin PBXFrameworksBuildPhase section */
		38E278E3293CC414001944B7 /* Frameworks */ = {
			isa = PBXFrameworksBuildPhase;
			buildActionMask = 2147483647;
			files = (
				38E278F4293CC441001944B7 /* SQLite in Frameworks */,
				38E278FA293E110F001944B7 /* Security.framework in Frameworks */,
				38E278F8293CC714001944B7 /* CryptoSwift in Frameworks */,
			);
			runOnlyForDeploymentPostprocessing = 0;
		};
/* End PBXFrameworksBuildPhase section */

/* Begin PBXGroup section */
		38E278DD293CC414001944B7 = {
			isa = PBXGroup;
			children = (
				38E278F0293CC42D001944B7 /* Packages */,
				38E278E8293CC414001944B7 /* CookiesHacking */,
				38E278E7293CC414001944B7 /* Products */,
				38E278F2293CC441001944B7 /* Frameworks */,
			);
			sourceTree = "<group>";
		};
		38E278E7293CC414001944B7 /* Products */ = {
			isa = PBXGroup;
			children = (
				38E278E6293CC414001944B7 /* CookiesHacking */,
			);
			name = Products;
			sourceTree = "<group>";
		};
		38E278E8293CC414001944B7 /* CookiesHacking */ = {
			isa = PBXGroup;
			children = (
				38E278F5293CC466001944B7 /* CookiesHacking.entitlements */,
				38E278E9293CC414001944B7 /* main.swift */,
				38B6A2F1293EF1CF00EF14EA /* password.swift */,
			);
			path = CookiesHacking;
			sourceTree = "<group>";
		};
		38E278F0293CC42D001944B7 /* Packages */ = {
			isa = PBXGroup;
			children = (
				38E278F1293CC42D001944B7 /* SQLite */,
			);
			name = Packages;
			sourceTree = "<group>";
		};
		38E278F2293CC441001944B7 /* Frameworks */ = {
			isa = PBXGroup;
			children = (
				38E278F9293E110F001944B7 /* Security.framework */,
			);
			name = Frameworks;
			sourceTree = "<group>";
		};
/* End PBXGroup section */

/* Begin PBXNativeTarget section */
		38E278E5293CC414001944B7 /* CookiesHacking */ = {
			isa = PBXNativeTarget;
			buildConfigurationList = 38E278ED293CC414001944B7 /* Build configuration list for PBXNativeTarget "CookiesHacking" */;
			buildPhases = (
				38E278E2293CC414001944B7 /* Sources */,
				38E278E3293CC414001944B7 /* Frameworks */,
				38E278E4293CC414001944B7 /* CopyFiles */,
			);
			buildRules = (
			);
			dependencies = (
			);
			name = CookiesHacking;
			packageProductDependencies = (
				38E278F3293CC441001944B7 /* SQLite */,
				38E278F7293CC714001944B7 /* CryptoSwift */,
			);
			productName = CookiesHacking;
			productReference = 38E278E6293CC414001944B7 /* CookiesHacking */;
			productType = "com.apple.product-type.tool";
		};
/* End PBXNativeTarget section */

/* Begin PBXProject section */
		38E278DE293CC414001944B7 /* Project object */ = {
			isa = PBXProject;
			attributes = {
				BuildIndependentTargetsInParallel = 1;
				LastSwiftUpdateCheck = 1410;
				LastUpgradeCheck = 1410;
				TargetAttributes = {
					38E278E5293CC414001944B7 = {
						CreatedOnToolsVersion = 14.1;
					};
				};
			};
			buildConfigurationList = 38E278E1293CC414001944B7 /* Build configuration list for PBXProject "CookiesHacking" */;
			compatibilityVersion = "Xcode 14.0";
			developmentRegion = en;
			hasScannedForEncodings = 0;
			knownRegions = (
				en,
				Base,
			);
			mainGroup = 38E278DD293CC414001944B7;
			packageReferences = (
				38E278F6293CC714001944B7 /* XCRemoteSwiftPackageReference "CryptoSwift" */,
			);
			productRefGroup = 38E278E7293CC414001944B7 /* Products */;
			projectDirPath = "";
			projectRoot = "";
			targets = (
				38E278E5293CC414001944B7 /* CookiesHacking */,
			);
		};
/* End PBXProject section */

/* Begin PBXSourcesBuildPhase section */
		38E278E2293CC414001944B7 /* Sources */ = {
			isa = PBXSourcesBuildPhase;
			buildActionMask = 2147483647;
			files = (
				38B6A2F2293EF1CF00EF14EA /* password.swift in Sources */,
				38E278EA293CC414001944B7 /* main.swift in Sources */,
			);
			runOnlyForDeploymentPostprocessing = 0;
		};
/* End PBXSourcesBuildPhase section */

/* Begin XCBuildConfiguration section */
		38E278EB293CC414001944B7 /* Debug */ = {
			isa = XCBuildConfiguration;
			buildSettings = {
				ALWAYS_SEARCH_USER_PATHS = NO;
				CLANG_ANALYZER_NONNULL = YES;
				CLANG_ANALYZER_NUMBER_OBJECT_CONVERSION = YES_AGGRESSIVE;
				CLANG_CXX_LANGUAGE_STANDARD = "gnu++20";
				CLANG_ENABLE_MODULES = YES;
				CLANG_ENABLE_OBJC_ARC = YES;
				CLANG_ENABLE_OBJC_WEAK = YES;
				CLANG_WARN_BLOCK_CAPTURE_AUTORELEASING = YES;
				CLANG_WARN_BOOL_CONVERSION = YES;
				CLANG_WARN_COMMA = YES;
				CLANG_WARN_CONSTANT_CONVERSION = YES;
				CLANG_WARN_DEPRECATED_OBJC_IMPLEMENTATIONS = YES;
				CLANG_WARN_DIRECT_OBJC_ISA_USAGE = YES_ERROR;
				CLANG_WARN_DOCUMENTATION_COMMENTS = YES;
				CLANG_WARN_EMPTY_BODY = YES;
				CLANG_WARN_ENUM_CONVERSION = YES;
				CLANG_WARN_INFINITE_RECURSION = YES;
				CLANG_WARN_INT_CONVERSION = YES;
				CLANG_WARN_NON_LITERAL_NULL_CONVERSION = YES;
				CLANG_WARN_OBJC_IMPLICIT_RETAIN_SELF = YES;
				CLANG_WARN_OBJC_LITERAL_CONVERSION = YES;
				CLANG_WARN_OBJC_ROOT_CLASS = YES_ERROR;
				CLANG_WARN_QUOTED_INCLUDE_IN_FRAMEWORK_HEADER = YES;
				CLANG_WARN_RANGE_LOOP_ANALYSIS = YES;
				CLANG_WARN_STRICT_PROTOTYPES = YES;
				CLANG_WARN_SUSPICIOUS_MOVE = YES;
				CLANG_WARN_UNGUARDED_AVAILABILITY = YES_AGGRESSIVE;
				CLANG_WARN_UNREACHABLE_CODE = YES;
				CLANG_WARN__DUPLICATE_METHOD_MATCH = YES;
				COPY_PHASE_STRIP = NO;
				DEBUG_INFORMATION_FORMAT = dwarf;
				ENABLE_STRICT_OBJC_MSGSEND = YES;
				ENABLE_TESTABILITY = YES;
				GCC_C_LANGUAGE_STANDARD = gnu11;
				GCC_DYNAMIC_NO_PIC = NO;
				GCC_NO_COMMON_BLOCKS = YES;
				GCC_OPTIMIZATION_LEVEL = 0;
				GCC_PREPROCESSOR_DEFINITIONS = (
					"DEBUG=1",
					"$(inherited)",
				);
				GCC_WARN_64_TO_32_BIT_CONVERSION = YES;
				GCC_WARN_ABOUT_RETURN_TYPE = YES_ERROR;
				GCC_WARN_UNDECLARED_SELECTOR = YES;
				GCC_WARN_UNINITIALIZED_AUTOS = YES_AGGRESSIVE;
				GCC_WARN_UNUSED_FUNCTION = YES;
				GCC_WARN_UNUSED_VARIABLE = YES;
				MACOSX_DEPLOYMENT_TARGET = 13.0;
				MTL_ENABLE_DEBUG_INFO = INCLUDE_SOURCE;
				MTL_FAST_MATH = YES;
				ONLY_ACTIVE_ARCH = YES;
				SDKROOT = macosx;
				SWIFT_ACTIVE_COMPILATION_CONDITIONS = DEBUG;
				SWIFT_OPTIMIZATION_LEVEL = "-Onone";
			};
			name = Debug;
		};
		38E278EC293CC414001944B7 /* Release */ = {
			isa = XCBuildConfiguration;
			buildSettings = {
				ALWAYS_SEARCH_USER_PATHS = NO;
				CLANG_ANALYZER_NONNULL = YES;
				CLANG_ANALYZER_NUMBER_OBJECT_CONVERSION = YES_AGGRESSIVE;
				CLANG_CXX_LANGUAGE_STANDARD = "gnu++20";
				CLANG_ENABLE_MODULES = YES;
				CLANG_ENABLE_OBJC_ARC = YES;
				CLANG_ENABLE_OBJC_WEAK = YES;
				CLANG_WARN_BLOCK_CAPTURE_AUTORELEASING = YES;
				CLANG_WARN_BOOL_CONVERSION = YES;
				CLANG_WARN_COMMA = YES;
				CLANG_WARN_CONSTANT_CONVERSION = YES;
				CLANG_WARN_DEPRECATED_OBJC_IMPLEMENTATIONS = YES;
				CLANG_WARN_DIRECT_OBJC_ISA_USAGE = YES_ERROR;
				CLANG_WARN_DOCUMENTATION_COMMENTS = YES;
				CLANG_WARN_EMPTY_BODY = YES;
				CLANG_WARN_ENUM_CONVERSION = YES;
				CLANG_WARN_INFINITE_RECURSION = YES;
				CLANG_WARN_INT_CONVERSION = YES;
				CLANG_WARN_NON_LITERAL_NULL_CONVERSION = YES;
				CLANG_WARN_OBJC_IMPLICIT_RETAIN_SELF = YES;
				CLANG_WARN_OBJC_LITERAL_CONVERSION = YES;
				CLANG_WARN_OBJC_ROOT_CLASS = YES_ERROR;
				CLANG_WARN_QUOTED_INCLUDE_IN_FRAMEWORK_HEADER = YES;
				CLANG_WARN_RANGE_LOOP_ANALYSIS = YES;
				CLANG_WARN_STRICT_PROTOTYPES = YES;
				CLANG_WARN_SUSPICIOUS_MOVE = YES;
				CLANG_WARN_UNGUARDED_AVAILABILITY = YES_AGGRESSIVE;
				CLANG_WARN_UNREACHABLE_CODE = YES;
				CLANG_WARN__DUPLICATE_METHOD_MATCH = YES;
				COPY_PHASE_STRIP = NO;
				DEBUG_INFORMATION_FORMAT = "dwarf-with-dsym";
				ENABLE_NS_ASSERTIONS = NO;
				ENABLE_STRICT_OBJC_MSGSEND = YES;
				GCC_C_LANGUAGE_STANDARD = gnu11;
				GCC_NO_COMMON_BLOCKS = YES;
				GCC_WARN_64_TO_32_BIT_CONVERSION = YES;
				GCC_WARN_ABOUT_RETURN_TYPE = YES_ERROR;
				GCC_WARN_UNDECLARED_SELECTOR = YES;
				GCC_WARN_UNINITIALIZED_AUTOS = YES_AGGRESSIVE;
				GCC_WARN_UNUSED_FUNCTION = YES;
				GCC_WARN_UNUSED_VARIABLE = YES;
				MACOSX_DEPLOYMENT_TARGET = 13.0;
				MTL_ENABLE_DEBUG_INFO = NO;
				MTL_FAST_MATH = YES;
				SDKROOT = macosx;
				SWIFT_COMPILATION_MODE = wholemodule;
				SWIFT_OPTIMIZATION_LEVEL = "-O";
			};
			name = Release;
		};
		38E278EE293CC414001944B7 /* Debug */ = {
			isa = XCBuildConfiguration;
			buildSettings = {
				CODE_SIGN_ENTITLEMENTS = CookiesHacking/CookiesHacking.entitlements;
				CODE_SIGN_STYLE = Automatic;
				DEVELOPMENT_TEAM = CJ9X49H2WL;
				ENABLE_HARDENED_RUNTIME = NO;
				PRODUCT_NAME = "$(TARGET_NAME)";
				SWIFT_VERSION = 5.0;
			};
			name = Debug;
		};
		38E278EF293CC414001944B7 /* Release */ = {
			isa = XCBuildConfiguration;
			buildSettings = {
				CODE_SIGN_ENTITLEMENTS = CookiesHacking/CookiesHacking.entitlements;
				CODE_SIGN_STYLE = Automatic;
				DEVELOPMENT_TEAM = CJ9X49H2WL;
				ENABLE_HARDENED_RUNTIME = NO;
				PRODUCT_NAME = "$(TARGET_NAME)";
				SWIFT_VERSION = 5.0;
			};
			name = Release;
		};
/* End XCBuildConfiguration section */

/* Begin XCConfigurationList section */
		38E278E1293CC414001944B7 /* Build configuration list for PBXProject "CookiesHacking" */ = {
			isa = XCConfigurationList;
			buildConfigurations = (
				38E278EB293CC414001944B7 /* Debug */,
				38E278EC293CC414001944B7 /* Release */,
			);
			defaultConfigurationIsVisible = 0;
			defaultConfigurationName = Release;
		};
		38E278ED293CC414001944B7 /* Build configuration list for PBXNativeTarget "CookiesHacking" */ = {
			isa = XCConfigurationList;
			buildConfigurations = (
				38E278EE293CC414001944B7 /* Debug */,
				38E278EF293CC414001944B7 /* Release */,
			);
			defaultConfigurationIsVisible = 0;
			defaultConfigurationName = Release;
		};
/* End XCConfigurationList section */

/* Begin XCRemoteSwiftPackageReference section */
		38E278F6293CC714001944B7 /* XCRemoteSwiftPackageReference "CryptoSwift" */ = {
			isa = XCRemoteSwiftPackageReference;
			repositoryURL = "https://github.com/krzyzanowskim/CryptoSwift.git";
			requirement = {
				kind = upToNextMajorVersion;
				minimumVersion = 1.0.0;
			};
		};
/* End XCRemoteSwiftPackageReference section */

/* Begin XCSwiftPackageProductDependency section */
		38E278F3293CC441001944B7 /* SQLite */ = {
			isa = XCSwiftPackageProductDependency;
			productName = SQLite;
		};
		38E278F7293CC714001944B7 /* CryptoSwift */ = {
			isa = XCSwiftPackageProductDependency;
			package = 38E278F6293CC714001944B7 /* XCRemoteSwiftPackageReference "CryptoSwift" */;
			productName = CryptoSwift;
		};
/* End XCSwiftPackageProductDependency section */
	};
	rootObject = 38E278DE293CC414001944B7 /* Project object */;
}
